
Microsoft Visual Studio Solution File, Format Version 12.00
# Visual Studio Version 17
VisualStudioVersion = 17.13.35828.75 d17.13
MinimumVisualStudioVersion = 10.0.40219.1
Project("{FAE04EC0-301F-11D3-BF4B-00C04F79EFBC}") = "AnneeBiceps", "AnneeBiceps\AnneeBiceps.csproj", "{DEF6BA16-5879-495F-B5A0-50738F1683F0}"
EndProject
Project("{FAE04EC0-301F-11D3-BF4B-00C04F79EFBC}") = "TestAnneeBi", "TestAnneeBi\TestAnneeBi.csproj", "{AF70A719-701F-409D-811A-A5880933EA3C}"
EndProject
Global
	GlobalSection(SolutionConfigurationPlatforms) = preSolution
		Debug|Any CPU = Debug|Any CPU
		Release|Any CPU = Release|Any CPU
	EndGlobalSection
	GlobalSection(ProjectConfigurationPlatforms) = postSolution
		{DEF6BA16-5879-495F-B5A0-50738F1683F0}.Debug|Any CPU.ActiveCfg = Debug|Any CPU
		{DEF6BA16-5879-495F-B5A0-50738F1683F0}.Debug|Any CPU.Build.0 = Debug|Any CPU
		{DEF6BA16-5879-495F-B5A0-50738F1683F0}.Release|Any CPU.ActiveCfg = Release|Any CPU
		{DEF6BA16-5879-495F-B5A0-50738F1683F0}.Release|Any CPU.Build.0 = Release|Any CPU
		{AF70A719-701F-409D-811A-A5880933EA3C}.Debug|Any CPU.ActiveCfg = Debug|Any CPU
		{AF70A719-701F-409D-811A-A5880933EA3C}.Debug|Any CPU.Build.0 = Debug|Any CPU
		{AF70A719-701F-409D-811A-A5880933EA3C}.Release|Any CPU.ActiveCfg = Release|Any CPU
		{AF70A719-701F-409D-811A-A5880933EA3C}.Release|Any CPU.Build.0 = Release|Any CPU
	EndGlobalSection
	GlobalSection(SolutionProperties) = preSolution
		HideSolutionNode = FALSE
	EndGlobalSection
	GlobalSection(ExtensibilityGlobals) = postSolution
		SolutionGuid = {20C413C5-8A8E-4551-8553-19396784F9C9}
	EndGlobalSection
EndGlobal
